// !$*UTF8*$!
{
	archiveVersion = 1;
	classes = {
	};
	objectVersion = 46;
	objects = {

/* Begin PBXBuildFile section */
		F1E7E15A1E62137900E89C83 /* AppDelegate.swift in Sources */ = {isa = PBXBuildFile; fileRef = F1E7E1591E62137900E89C83 /* AppDelegate.swift */; };
		F1E7E15C1E62137900E89C83 /* MainController.swift in Sources */ = {isa = PBXBuildFile; fileRef = F1E7E15B1E62137900E89C83 /* MainController.swift */; };
		F1E7E15F1E62137900E89C83 /* Main.storyboard in Resources */ = {isa = PBXBuildFile; fileRef = F1E7E15D1E62137900E89C83 /* Main.storyboard */; };
		F1E7E1611E62137900E89C83 /* Assets.xcassets in Resources */ = {isa = PBXBuildFile; fileRef = F1E7E1601E62137900E89C83 /* Assets.xcassets */; };
		F1E7E1641E62137900E89C83 /* LaunchScreen.storyboard in Resources */ = {isa = PBXBuildFile; fileRef = F1E7E1621E62137900E89C83 /* LaunchScreen.storyboard */; };
		F1E7E16F1E62137900E89C83 /* ChargeTRemiderTests.swift in Sources */ = {isa = PBXBuildFile; fileRef = F1E7E16E1E62137900E89C83 /* ChargeTRemiderTests.swift */; };
		F1E7E17A1E62137900E89C83 /* ChargeTRemiderUITests.swift in Sources */ = {isa = PBXBuildFile; fileRef = F1E7E1791E62137900E89C83 /* ChargeTRemiderUITests.swift */; };
/* End PBXBuildFile section */

/* Begin PBXContainerItemProxy section */
		F1E7E16B1E62137900E89C83 /* PBXContainerItemProxy */ = {
			isa = PBXContainerItemProxy;
			containerPortal = F1E7E14E1E62137900E89C83 /* Project object */;
			proxyType = 1;
			remoteGlobalIDString = F1E7E1551E62137900E89C83;
			remoteInfo = ChargeTRemider;
		};
		F1E7E1761E62137900E89C83 /* PBXContainerItemProxy */ = {
			isa = PBXContainerItemProxy;
			containerPortal = F1E7E14E1E62137900E89C83 /* Project object */;
			proxyType = 1;
			remoteGlobalIDString = F1E7E1551E62137900E89C83;
			remoteInfo = ChargeTRemider;
		};
/* End PBXContainerItemProxy section */

/* Begin PBXFileReference section */
		F1E7E1561E62137900E89C83 /* ChargeTRemider.app */ = {isa = PBXFileReference; explicitFileType = wrapper.application; includeInIndex = 0; path = ChargeTRemider.app; sourceTree = BUILT_PRODUCTS_DIR; };
		F1E7E1591E62137900E89C83 /* AppDelegate.swift */ = {isa = PBXFileReference; lastKnownFileType = sourcecode.swift; path = AppDelegate.swift; sourceTree = "<group>"; };
		F1E7E15B1E62137900E89C83 /* MainController.swift */ = {isa = PBXFileReference; lastKnownFileType = sourcecode.swift; path = MainController.swift; sourceTree = "<group>"; };
		F1E7E15E1E62137900E89C83 /* Base */ = {isa = PBXFileReference; lastKnownFileType = file.storyboard; name = Base; path = Base.lproj/Main.storyboard; sourceTree = "<group>"; };
		F1E7E1601E62137900E89C83 /* Assets.xcassets */ = {isa = PBXFileReference; lastKnownFileType = folder.assetcatalog; path = Assets.xcassets; sourceTree = "<group>"; };
		F1E7E1631E62137900E89C83 /* Base */ = {isa = PBXFileReference; lastKnownFileType = file.storyboard; name = Base; path = Base.lproj/LaunchScreen.storyboard; sourceTree = "<group>"; };
		F1E7E1651E62137900E89C83 /* Info.plist */ = {isa = PBXFileReference; lastKnownFileType = text.plist.xml; path = Info.plist; sourceTree = "<group>"; };
		F1E7E16A1E62137900E89C83 /* ChargeTRemiderTests.xctest */ = {isa = PBXFileReference; explicitFileType = wrapper.cfbundle; includeInIndex = 0; path = ChargeTRemiderTests.xctest; sourceTree = BUILT_PRODUCTS_DIR; };
		F1E7E16E1E62137900E89C83 /* ChargeTRemiderTests.swift */ = {isa = PBXFileReference; lastKnownFileType = sourcecode.swift; path = ChargeTRemiderTests.swift; sourceTree = "<group>"; };
		F1E7E1701E62137900E89C83 /* Info.plist */ = {isa = PBXFileReference; lastKnownFileType = text.plist.xml; path = Info.plist; sourceTree = "<group>"; };
		F1E7E1751E62137900E89C83 /* ChargeTRemiderUITests.xctest */ = {isa = PBXFileReference; explicitFileType = wrapper.cfbundle; includeInIndex = 0; path = ChargeTRemiderUITests.xctest; sourceTree = BUILT_PRODUCTS_DIR; };
		F1E7E1791E62137900E89C83 /* ChargeTRemiderUITests.swift */ = {isa = PBXFileReference; lastKnownFileType = sourcecode.swift; path = ChargeTRemiderUITests.swift; sourceTree = "<group>"; };
		F1E7E17B1E62137900E89C83 /* Info.plist */ = {isa = PBXFileReference; lastKnownFileType = text.plist.xml; path = Info.plist; sourceTree = "<group>"; };
/* End PBXFileReference section */

/* Begin PBXFrameworksBuildPhase section */
		F1E7E1531E62137900E89C83 /* Frameworks */ = {
			isa = PBXFrameworksBuildPhase;
			buildActionMask = 2147483647;
			files = (
			);
			runOnlyForDeploymentPostprocessing = 0;
		};
		F1E7E1671E62137900E89C83 /* Frameworks */ = {
			isa = PBXFrameworksBuildPhase;
			buildActionMask = 2147483647;
			files = (
			);
			runOnlyForDeploymentPostprocessing = 0;
		};
		F1E7E1721E62137900E89C83 /* Frameworks */ = {
			isa = PBXFrameworksBuildPhase;
			buildActionMask = 2147483647;
			files = (
			);
			runOnlyForDeploymentPostprocessing = 0;
		};
/* End PBXFrameworksBuildPhase section */

/* Begin PBXGroup section */
		F1E7E14D1E62137900E89C83 = {
			isa = PBXGroup;
			children = (
				F1E7E1581E62137900E89C83 /* ChargeTRemider */,
				F1E7E16D1E62137900E89C83 /* ChargeTRemiderTests */,
				F1E7E1781E62137900E89C83 /* ChargeTRemiderUITests */,
				F1E7E1571E62137900E89C83 /* Products */,
			);
			sourceTree = "<group>";
		};
		F1E7E1571E62137900E89C83 /* Products */ = {
			isa = PBXGroup;
			children = (
				F1E7E1561E62137900E89C83 /* ChargeTRemider.app */,
				F1E7E16A1E62137900E89C83 /* ChargeTRemiderTests.xctest */,
				F1E7E1751E62137900E89C83 /* ChargeTRemiderUITests.xctest */,
			);
			name = Products;
			sourceTree = "<group>";
		};
		F1E7E1581E62137900E89C83 /* ChargeTRemider */ = {
			isa = PBXGroup;
			children = (
				F1E7E1591E62137900E89C83 /* AppDelegate.swift */,
				F1E7E15B1E62137900E89C83 /* MainController.swift */,
				F1E7E15D1E62137900E89C83 /* Main.storyboard */,
				F1E7E1601E62137900E89C83 /* Assets.xcassets */,
				F1E7E1621E62137900E89C83 /* LaunchScreen.storyboard */,
				F1E7E1651E62137900E89C83 /* Info.plist */,
			);
			path = ChargeTRemider;
			sourceTree = "<group>";
		};
		F1E7E16D1E62137900E89C83 /* ChargeTRemiderTests */ = {
			isa = PBXGroup;
			children = (
				F1E7E16E1E62137900E89C83 /* ChargeTRemiderTests.swift */,
				F1E7E1701E62137900E89C83 /* Info.plist */,
			);
			path = ChargeTRemiderTests;
			sourceTree = "<group>";
		};
		F1E7E1781E62137900E89C83 /* ChargeTRemiderUITests */ = {
			isa = PBXGroup;
			children = (
				F1E7E1791E62137900E89C83 /* ChargeTRemiderUITests.swift */,
				F1E7E17B1E62137900E89C83 /* Info.plist */,
			);
			path = ChargeTRemiderUITests;
			sourceTree = "<group>";
		};
/* End PBXGroup section */

/* Begin PBXNativeTarget section */
		F1E7E1551E62137900E89C83 /* ChargeTRemider */ = {
			isa = PBXNativeTarget;
			buildConfigurationList = F1E7E17E1E62137900E89C83 /* Build configuration list for PBXNativeTarget "ChargeTRemider" */;
			buildPhases = (
				F1E7E1521E62137900E89C83 /* Sources */,
				F1E7E1531E62137900E89C83 /* Frameworks */,
				F1E7E1541E62137900E89C83 /* Resources */,
			);
			buildRules = (
			);
			dependencies = (
			);
			name = ChargeTRemider;
			productName = ChargeTRemider;
			productReference = F1E7E1561E62137900E89C83 /* ChargeTRemider.app */;
			productType = "com.apple.product-type.application";
		};
		F1E7E1691E62137900E89C83 /* ChargeTRemiderTests */ = {
			isa = PBXNativeTarget;
			buildConfigurationList = F1E7E1811E62137900E89C83 /* Build configuration list for PBXNativeTarget "ChargeTRemiderTests" */;
			buildPhases = (
				F1E7E1661E62137900E89C83 /* Sources */,
				F1E7E1671E62137900E89C83 /* Frameworks */,
				F1E7E1681E62137900E89C83 /* Resources */,
			);
			buildRules = (
			);
			dependencies = (
				F1E7E16C1E62137900E89C83 /* PBXTargetDependency */,
			);
			name = ChargeTRemiderTests;
			productName = ChargeTRemiderTests;
			productReference = F1E7E16A1E62137900E89C83 /* ChargeTRemiderTests.xctest */;
			productType = "com.apple.product-type.bundle.unit-test";
		};
		F1E7E1741E62137900E89C83 /* ChargeTRemiderUITests */ = {
			isa = PBXNativeTarget;
			buildConfigurationList = F1E7E1841E62137900E89C83 /* Build configuration list for PBXNativeTarget "ChargeTRemiderUITests" */;
			buildPhases = (
				F1E7E1711E62137900E89C83 /* Sources */,
				F1E7E1721E62137900E89C83 /* Frameworks */,
				F1E7E1731E62137900E89C83 /* Resources */,
			);
			buildRules = (
			);
			dependencies = (
				F1E7E1771E62137900E89C83 /* PBXTargetDependency */,
			);
			name = ChargeTRemiderUITests;
			productName = ChargeTRemiderUITests;
			productReference = F1E7E1751E62137900E89C83 /* ChargeTRemiderUITests.xctest */;
			productType = "com.apple.product-type.bundle.ui-testing";
		};
/* End PBXNativeTarget section */

/* Begin PBXProject section */
		F1E7E14E1E62137900E89C83 /* Project object */ = {
			isa = PBXProject;
			attributes = {
				LastSwiftUpdateCheck = 0820;
				LastUpgradeCheck = 0820;
				ORGANIZATIONNAME = "Shu-Mei Cheng";
				TargetAttributes = {
					F1E7E1551E62137900E89C83 = {
						CreatedOnToolsVersion = 8.2;
						DevelopmentTeam = KNSC7P9S3V;
						ProvisioningStyle = Automatic;
					};
					F1E7E1691E62137900E89C83 = {
						CreatedOnToolsVersion = 8.2;
						DevelopmentTeam = KNSC7P9S3V;
						ProvisioningStyle = Automatic;
						TestTargetID = F1E7E1551E62137900E89C83;
					};
					F1E7E1741E62137900E89C83 = {
						CreatedOnToolsVersion = 8.2;
						DevelopmentTeam = KNSC7P9S3V;
						ProvisioningStyle = Automatic;
						TestTargetID = F1E7E1551E62137900E89C83;
					};
				};
			};
			buildConfigurationList = F1E7E1511E62137900E89C83 /* Build configuration list for PBXProject "ChargeTRemider" */;
			compatibilityVersion = "Xcode 3.2";
			developmentRegion = English;
			hasScannedForEncodings = 0;
			knownRegions = (
				en,
				Base,
			);
			mainGroup = F1E7E14D1E62137900E89C83;
			productRefGroup = F1E7E1571E62137900E89C83 /* Products */;
			projectDirPath = "";
			projectRoot = "";
			targets = (
				F1E7E1551E62137900E89C83 /* ChargeTRemider */,
				F1E7E1691E62137900E89C83 /* ChargeTRemiderTests */,
				F1E7E1741E62137900E89C83 /* ChargeTRemiderUITests */,
			);
		};
/* End PBXProject section */

/* Begin PBXResourcesBuildPhase section */
		F1E7E1541E62137900E89C83 /* Resources */ = {
			isa = PBXResourcesBuildPhase;
			buildActionMask = 2147483647;
			files = (
				F1E7E1641E62137900E89C83 /* LaunchScreen.storyboard in Resources */,
				F1E7E1611E62137900E89C83 /* Assets.xcassets in Resources */,
				F1E7E15F1E62137900E89C83 /* Main.storyboard in Resources */,
			);
			runOnlyForDeploymentPostprocessing = 0;
		};
		F1E7E1681E62137900E89C83 /* Resources */ = {
			isa = PBXResourcesBuildPhase;
			buildActionMask = 2147483647;
			files = (
			);
			runOnlyForDeploymentPostprocessing = 0;
		};
		F1E7E1731E62137900E89C83 /* Resources */ = {
			isa = PBXResourcesBuildPhase;
			buildActionMask = 2147483647;
			files = (
			);
			runOnlyForDeploymentPostprocessing = 0;
		};
/* End PBXResourcesBuildPhase section */

/* Begin PBXSourcesBuildPhase section */
		F1E7E1521E62137900E89C83 /* Sources */ = {
			isa = PBXSourcesBuildPhase;
			buildActionMask = 2147483647;
			files = (
				F1E7E15C1E62137900E89C83 /* MainController.swift in Sources */,
				F1E7E15A1E62137900E89C83 /* AppDelegate.swift in Sources */,
			);
			runOnlyForDeploymentPostprocessing = 0;
		};
		F1E7E1661E62137900E89C83 /* Sources */ = {
			isa = PBXSourcesBuildPhase;
			buildActionMask = 2147483647;
			files = (
				F1E7E16F1E62137900E89C83 /* ChargeTRemiderTests.swift in Sources */,
			);
			runOnlyForDeploymentPostprocessing = 0;
		};
		F1E7E1711E62137900E89C83 /* Sources */ = {
			isa = PBXSourcesBuildPhase;
			buildActionMask = 2147483647;
			files = (
				F1E7E17A1E62137900E89C83 /* ChargeTRemiderUITests.swift in Sources */,
			);
			runOnlyForDeploymentPostprocessing = 0;
		};
/* End PBXSourcesBuildPhase section */

/* Begin PBXTargetDependency section */
		F1E7E16C1E62137900E89C83 /* PBXTargetDependency */ = {
			isa = PBXTargetDependency;
			target = F1E7E1551E62137900E89C83 /* ChargeTRemider */;
			targetProxy = F1E7E16B1E62137900E89C83 /* PBXContainerItemProxy */;
		};
		F1E7E1771E62137900E89C83 /* PBXTargetDependency */ = {
			isa = PBXTargetDependency;
			target = F1E7E1551E62137900E89C83 /* ChargeTRemider */;
			targetProxy = F1E7E1761E62137900E89C83 /* PBXContainerItemProxy */;
		};
/* End PBXTargetDependency section */

/* Begin PBXVariantGroup section */
		F1E7E15D1E62137900E89C83 /* Main.storyboard */ = {
			isa = PBXVariantGroup;
			children = (
				F1E7E15E1E62137900E89C83 /* Base */,
			);
			name = Main.storyboard;
			sourceTree = "<group>";
		};
		F1E7E1621E62137900E89C83 /* LaunchScreen.storyboard */ = {
			isa = PBXVariantGroup;
			children = (
				F1E7E1631E62137900E89C83 /* Base */,
			);
			name = LaunchScreen.storyboard;
			sourceTree = "<group>";
		};
/* End PBXVariantGroup section */

/* Begin XCBuildConfiguration section */
		F1E7E17C1E62137900E89C83 /* Debug */ = {
			isa = XCBuildConfiguration;
			buildSettings = {
				ALWAYS_SEARCH_USER_PATHS = NO;
				CLANG_ANALYZER_NONNULL = YES;
				CLANG_CXX_LANGUAGE_STANDARD = "gnu++0x";
				CLANG_CXX_LIBRARY = "libc++";
				CLANG_ENABLE_MODULES = YES;
				CLANG_ENABLE_OBJC_ARC = YES;
				CLANG_WARN_BOOL_CONVERSION = YES;
				CLANG_WARN_CONSTANT_CONVERSION = YES;
				CLANG_WARN_DIRECT_OBJC_ISA_USAGE = YES_ERROR;
				CLANG_WARN_DOCUMENTATION_COMMENTS = YES;
				CLANG_WARN_EMPTY_BODY = YES;
				CLANG_WARN_ENUM_CONVERSION = YES;
				CLANG_WARN_INFINITE_RECURSION = YES;
				CLANG_WARN_INT_CONVERSION = YES;
				CLANG_WARN_OBJC_ROOT_CLASS = YES_ERROR;
				CLANG_WARN_SUSPICIOUS_MOVE = YES;
				CLANG_WARN_UNREACHABLE_CODE = YES;
				CLANG_WARN__DUPLICATE_METHOD_MATCH = YES;
				"CODE_SIGN_IDENTITY[sdk=iphoneos*]" = "iPhone Developer";
				COPY_PHASE_STRIP = NO;
				DEBUG_INFORMATION_FORMAT = dwarf;
				ENABLE_STRICT_OBJC_MSGSEND = YES;
				ENABLE_TESTABILITY = YES;
				GCC_C_LANGUAGE_STANDARD = gnu99;
				GCC_DYNAMIC_NO_PIC = NO;
				GCC_NO_COMMON_BLOCKS = YES;
				GCC_OPTIMIZATION_LEVEL = 0;
				GCC_PREPROCESSOR_DEFINITIONS = (
					"DEBUG=1",
					"$(inherited)",
				);
				GCC_WARN_64_TO_32_BIT_CONVERSION = YES;
				GCC_WARN_ABOUT_RETURN_TYPE = YES_ERROR;
				GCC_WARN_UNDECLARED_SELECTOR = YES;
				GCC_WARN_UNINITIALIZED_AUTOS = YES_AGGRESSIVE;
				GCC_WARN_UNUSED_FUNCTION = YES;
				GCC_WARN_UNUSED_VARIABLE = YES;
				IPHONEOS_DEPLOYMENT_TARGET = 10.2;
				MTL_ENABLE_DEBUG_INFO = YES;
				ONLY_ACTIVE_ARCH = YES;
				SDKROOT = iphoneos;
				SWIFT_ACTIVE_COMPILATION_CONDITIONS = DEBUG;
				SWIFT_OPTIMIZATION_LEVEL = "-Onone";
				TARGETED_DEVICE_FAMILY = "1,2";
			};
			name = Debug;
		};
		F1E7E17D1E62137900E89C83 /* Release */ = {
			isa = XCBuildConfiguration;
			buildSettings = {
				ALWAYS_SEARCH_USER_PATHS = NO;
				CLANG_ANALYZER_NONNULL = YES;
				CLANG_CXX_LANGUAGE_STANDARD = "gnu++0x";
				CLANG_CXX_LIBRARY = "libc++";
				CLANG_ENABLE_MODULES = YES;
				CLANG_ENABLE_OBJC_ARC = YES;
				CLANG_WARN_BOOL_CONVERSION = YES;
				CLANG_WARN_CONSTANT_CONVERSION = YES;
				CLANG_WARN_DIRECT_OBJC_ISA_USAGE = YES_ERROR;
				CLANG_WARN_DOCUMENTATION_COMMENTS = YES;
				CLANG_WARN_EMPTY_BODY = YES;
				CLANG_WARN_ENUM_CONVERSION = YES;
				CLANG_WARN_INFINITE_RECURSION = YES;
				CLANG_WARN_INT_CONVERSION = YES;
				CLANG_WARN_OBJC_ROOT_CLASS = YES_ERROR;
				CLANG_WARN_SUSPICIOUS_MOVE = YES;
				CLANG_WARN_UNREACHABLE_CODE = YES;
				CLANG_WARN__DUPLICATE_METHOD_MATCH = YES;
				"CODE_SIGN_IDENTITY[sdk=iphoneos*]" = "iPhone Developer";
				COPY_PHASE_STRIP = NO;
				DEBUG_INFORMATION_FORMAT = "dwarf-with-dsym";
				ENABLE_NS_ASSERTIONS = NO;
				ENABLE_STRICT_OBJC_MSGSEND = YES;
				GCC_C_LANGUAGE_STANDARD = gnu99;
				GCC_NO_COMMON_BLOCKS = YES;
				GCC_WARN_64_TO_32_BIT_CONVERSION = YES;
				GCC_WARN_ABOUT_RETURN_TYPE = YES_ERROR;
				GCC_WARN_UNDECLARED_SELECTOR = YES;
				GCC_WARN_UNINITIALIZED_AUTOS = YES_AGGRESSIVE;
				GCC_WARN_UNUSED_FUNCTION = YES;
				GCC_WARN_UNUSED_VARIABLE = YES;
				IPHONEOS_DEPLOYMENT_TARGET = 10.2;
				MTL_ENABLE_DEBUG_INFO = NO;
				SDKROOT = iphoneos;
				SWIFT_OPTIMIZATION_LEVEL = "-Owholemodule";
				TARGETED_DEVICE_FAMILY = "1,2";
				VALIDATE_PRODUCT = YES;
			};
			name = Release;
		};
		F1E7E17F1E62137900E89C83 /* Debug */ = {
			isa = XCBuildConfiguration;
			buildSettings = {
				ASSETCATALOG_COMPILER_APPICON_NAME = AppIcon;
				DEVELOPMENT_TEAM = KNSC7P9S3V;
				INFOPLIST_FILE = ChargeTRemider/Info.plist;
				LD_RUNPATH_SEARCH_PATHS = "$(inherited) @executable_path/Frameworks";
				PRODUCT_BUNDLE_IDENTIFIER = "shumei.cheng.ca-gmail.com.ChargeTRemider";
				PRODUCT_NAME = "$(TARGET_NAME)";
				SWIFT_VERSION = 3.0;
				TARGETED_DEVICE_FAMILY = 1;
			};
			name = Debug;
		};
		F1E7E1801E62137900E89C83 /* Release */ = {
			isa = XCBuildConfiguration;
			buildSettings = {
				ASSETCATALOG_COMPILER_APPICON_NAME = AppIcon;
				DEVELOPMENT_TEAM = KNSC7P9S3V;
				INFOPLIST_FILE = ChargeTRemider/Info.plist;
				LD_RUNPATH_SEARCH_PATHS = "$(inherited) @executable_path/Frameworks";
				PRODUCT_BUNDLE_IDENTIFIER = "shumei.cheng.ca-gmail.com.ChargeTRemider";
				PRODUCT_NAME = "$(TARGET_NAME)";
				SWIFT_VERSION = 3.0;
				TARGETED_DEVICE_FAMILY = 1;
			};
			name = Release;
		};
		F1E7E1821E62137900E89C83 /* Debug */ = {
			isa = XCBuildConfiguration;
			buildSettings = {
				ALWAYS_EMBED_SWIFT_STANDARD_LIBRARIES = YES;
				BUNDLE_LOADER = "$(TEST_HOST)";
				DEVELOPMENT_TEAM = KNSC7P9S3V;
				INFOPLIST_FILE = ChargeTRemiderTests/Info.plist;
				LD_RUNPATH_SEARCH_PATHS = "$(inherited) @executable_path/Frameworks @loader_path/Frameworks";
				PRODUCT_BUNDLE_IDENTIFIER = "shumei.cheng.ca-gmail.com.ChargeTRemiderTests";
				PRODUCT_NAME = "$(TARGET_NAME)";
				SWIFT_VERSION = 3.0;
				TEST_HOST = "$(BUILT_PRODUCTS_DIR)/ChargeTRemider.app/ChargeTRemider";
			};
			name = Debug;
		};
		F1E7E1831E62137900E89C83 /* Release */ = {
			isa = XCBuildConfiguration;
			buildSettings = {
				ALWAYS_EMBED_SWIFT_STANDARD_LIBRARIES = YES;
				BUNDLE_LOADER = "$(TEST_HOST)";
				DEVELOPMENT_TEAM = KNSC7P9S3V;
				INFOPLIST_FILE = ChargeTRemiderTests/Info.plist;
				LD_RUNPATH_SEARCH_PATHS = "$(inherited) @executable_path/Frameworks @loader_path/Frameworks";
				PRODUCT_BUNDLE_IDENTIFIER = "shumei.cheng.ca-gmail.com.ChargeTRemiderTests";
				PRODUCT_NAME = "$(TARGET_NAME)";
				SWIFT_VERSION = 3.0;
				TEST_HOST = "$(BUILT_PRODUCTS_DIR)/ChargeTRemider.app/ChargeTRemider";
			};
			name = Release;
		};
		F1E7E1851E62137900E89C83 /* Debug */ = {
			isa = XCBuildConfiguration;
			buildSettings = {
				ALWAYS_EMBED_SWIFT_STANDARD_LIBRARIES = YES;
				DEVELOPMENT_TEAM = KNSC7P9S3V;
				INFOPLIST_FILE = ChargeTRemiderUITests/Info.plist;
				LD_RUNPATH_SEARCH_PATHS = "$(inherited) @executable_path/Frameworks @loader_path/Frameworks";
				PRODUCT_BUNDLE_IDENTIFIER = "shumei.cheng.ca-gmail.com.ChargeTRemiderUITests";
				PRODUCT_NAME = "$(TARGET_NAME)";
				SWIFT_VERSION = 3.0;
				TEST_TARGET_NAME = ChargeTRemider;
			};
			name = Debug;
		};
		F1E7E1861E62137900E89C83 /* Release */ = {
			isa = XCBuildConfiguration;
			buildSettings = {
				ALWAYS_EMBED_SWIFT_STANDARD_LIBRARIES = YES;
				DEVELOPMENT_TEAM = KNSC7P9S3V;
				INFOPLIST_FILE = ChargeTRemiderUITests/Info.plist;
				LD_RUNPATH_SEARCH_PATHS = "$(inherited) @executable_path/Frameworks @loader_path/Frameworks";
				PRODUCT_BUNDLE_IDENTIFIER = "shumei.cheng.ca-gmail.com.ChargeTRemiderUITests";
				PRODUCT_NAME = "$(TARGET_NAME)";
				SWIFT_VERSION = 3.0;
				TEST_TARGET_NAME = ChargeTRemider;
			};
			name = Release;
		};
/* End XCBuildConfiguration section */

/* Begin XCConfigurationList section */
		F1E7E1511E62137900E89C83 /* Build configuration list for PBXProject "ChargeTRemider" */ = {
			isa = XCConfigurationList;
			buildConfigurations = (
				F1E7E17C1E62137900E89C83 /* Debug */,
				F1E7E17D1E62137900E89C83 /* Release */,
			);
			defaultConfigurationIsVisible = 0;
			defaultConfigurationName = Release;
		};
		F1E7E17E1E62137900E89C83 /* Build configuration list for PBXNativeTarget "ChargeTRemider" */ = {
			isa = XCConfigurationList;
			buildConfigurations = (
				F1E7E17F1E62137900E89C83 /* Debug */,
				F1E7E1801E62137900E89C83 /* Release */,
			);
			defaultConfigurationIsVisible = 0;
		};
		F1E7E1811E62137900E89C83 /* Build configuration list for PBXNativeTarget "ChargeTRemiderTests" */ = {
			isa = XCConfigurationList;
			buildConfigurations = (
				F1E7E1821E62137900E89C83 /* Debug */,
				F1E7E1831E62137900E89C83 /* Release */,
			);
			defaultConfigurationIsVisible = 0;
		};
		F1E7E1841E62137900E89C83 /* Build configuration list for PBXNativeTarget "ChargeTRemiderUITests" */ = {
			isa = XCConfigurationList;
			buildConfigurations = (
				F1E7E1851E62137900E89C83 /* Debug */,
				F1E7E1861E62137900E89C83 /* Release */,
			);
			defaultConfigurationIsVisible = 0;
		};
/* End XCConfigurationList section */
	};
	rootObject = F1E7E14E1E62137900E89C83 /* Project object */;
}
